
Microsoft Visual Studio Solution File, Format Version 12.00
# Visual Studio Version 17
VisualStudioVersion = 17.4.33213.308
MinimumVisualStudioVersion = 10.0.40219.1
Project("{8BC9CEB8-8B4A-11D0-8D11-00A0C91BC942}") = "Project 2 AE623 Taka", "Project 2 AE623 Taka.vcxproj", "{BF80F2BE-035B-4A05-8444-2916F772E54C}"
EndProject
Global
	GlobalSection(SolutionConfigurationPlatforms) = preSolution
		Debug|x64 = Debug|x64
		Debug|x86 = Debug|x86
		Release|x64 = Release|x64
		Release|x86 = Release|x86
	EndGlobalSection
	GlobalSection(ProjectConfigurationPlatforms) = postSolution
		{BF80F2BE-035B-4A05-8444-2916F772E54C}.Debug|x64.ActiveCfg = Debug|x64
		{BF80F2BE-035B-4A05-8444-2916F772E54C}.Debug|x64.Build.0 = Debug|x64
		{BF80F2BE-035B-4A05-8444-2916F772E54C}.Debug|x86.ActiveCfg = Debug|Win32
		{BF80F2BE-035B-4A05-8444-2916F772E54C}.Debug|x86.Build.0 = Debug|Win32
		{BF80F2BE-035B-4A05-8444-2916F772E54C}.Release|x64.ActiveCfg = Release|x64
		{BF80F2BE-035B-4A05-8444-2916F772E54C}.Release|x64.Build.0 = Release|x64
		{BF80F2BE-035B-4A05-8444-2916F772E54C}.Release|x86.ActiveCfg = Release|Win32
		{BF80F2BE-035B-4A05-8444-2916F772E54C}.Release|x86.Build.0 = Release|Win32
	EndGlobalSection
	GlobalSection(SolutionProperties) = preSolution
		HideSolutionNode = FALSE
	EndGlobalSection
	GlobalSection(ExtensibilityGlobals) = postSolution
		SolutionGuid = {091270D3-03E9-4467-88D7-16FE4BED714C}
	EndGlobalSection
EndGlobal
